// !$*UTF8*$!
{
	archiveVersion = 1;
	classes = {
	};
	objectVersion = 56;
	objects = {

/* Begin PBXBuildFile section */
		A560988A2C74AAC100EFB77F /* AppDelegate.swift in Sources */ = {isa = PBXBuildFile; fileRef = A56098892C74AAC100EFB77F /* AppDelegate.swift */; };
		A560988C2C74AAC100EFB77F /* SceneDelegate.swift in Sources */ = {isa = PBXBuildFile; fileRef = A560988B2C74AAC100EFB77F /* SceneDelegate.swift */; };
		A56098932C74AAC200EFB77F /* Assets.xcassets in Resources */ = {isa = PBXBuildFile; fileRef = A56098922C74AAC200EFB77F /* Assets.xcassets */; };
		A56098A12C74AAC300EFB77F /* YouTubeTests.swift in Sources */ = {isa = PBXBuildFile; fileRef = A56098A02C74AAC300EFB77F /* YouTubeTests.swift */; };
		A56098AB2C74AAC300EFB77F /* YouTubeUITests.swift in Sources */ = {isa = PBXBuildFile; fileRef = A56098AA2C74AAC300EFB77F /* YouTubeUITests.swift */; };
		A56098AD2C74AAC300EFB77F /* YouTubeUITestsLaunchTests.swift in Sources */ = {isa = PBXBuildFile; fileRef = A56098AC2C74AAC300EFB77F /* YouTubeUITestsLaunchTests.swift */; };
		A56098BA2C74ABDC00EFB77F /* TestViewController.swift in Sources */ = {isa = PBXBuildFile; fileRef = A56098B92C74ABDC00EFB77F /* TestViewController.swift */; };
/* End PBXBuildFile section */

/* Begin PBXContainerItemProxy section */
		A560989D2C74AAC300EFB77F /* PBXContainerItemProxy */ = {
			isa = PBXContainerItemProxy;
			containerPortal = A560987E2C74AAC100EFB77F /* Project object */;
			proxyType = 1;
			remoteGlobalIDString = A56098852C74AAC100EFB77F;
			remoteInfo = YouTube;
		};
		A56098A72C74AAC300EFB77F /* PBXContainerItemProxy */ = {
			isa = PBXContainerItemProxy;
			containerPortal = A560987E2C74AAC100EFB77F /* Project object */;
			proxyType = 1;
			remoteGlobalIDString = A56098852C74AAC100EFB77F;
			remoteInfo = YouTube;
		};
/* End PBXContainerItemProxy section */

/* Begin PBXFileReference section */
		A56098862C74AAC100EFB77F /* YouTube.app */ = {isa = PBXFileReference; explicitFileType = wrapper.application; includeInIndex = 0; path = YouTube.app; sourceTree = BUILT_PRODUCTS_DIR; };
		A56098892C74AAC100EFB77F /* AppDelegate.swift */ = {isa = PBXFileReference; lastKnownFileType = sourcecode.swift; path = AppDelegate.swift; sourceTree = "<group>"; };
		A560988B2C74AAC100EFB77F /* SceneDelegate.swift */ = {isa = PBXFileReference; lastKnownFileType = sourcecode.swift; path = SceneDelegate.swift; sourceTree = "<group>"; };
		A56098922C74AAC200EFB77F /* Assets.xcassets */ = {isa = PBXFileReference; lastKnownFileType = folder.assetcatalog; path = Assets.xcassets; sourceTree = "<group>"; };
		A56098972C74AAC200EFB77F /* Info.plist */ = {isa = PBXFileReference; lastKnownFileType = text.plist.xml; path = Info.plist; sourceTree = "<group>"; };
		A560989C2C74AAC300EFB77F /* YouTubeTests.xctest */ = {isa = PBXFileReference; explicitFileType = wrapper.cfbundle; includeInIndex = 0; path = YouTubeTests.xctest; sourceTree = BUILT_PRODUCTS_DIR; };
		A56098A02C74AAC300EFB77F /* YouTubeTests.swift */ = {isa = PBXFileReference; lastKnownFileType = sourcecode.swift; path = YouTubeTests.swift; sourceTree = "<group>"; };
		A56098A62C74AAC300EFB77F /* YouTubeUITests.xctest */ = {isa = PBXFileReference; explicitFileType = wrapper.cfbundle; includeInIndex = 0; path = YouTubeUITests.xctest; sourceTree = BUILT_PRODUCTS_DIR; };
		A56098AA2C74AAC300EFB77F /* YouTubeUITests.swift */ = {isa = PBXFileReference; lastKnownFileType = sourcecode.swift; path = YouTubeUITests.swift; sourceTree = "<group>"; };
		A56098AC2C74AAC300EFB77F /* YouTubeUITestsLaunchTests.swift */ = {isa = PBXFileReference; lastKnownFileType = sourcecode.swift; path = YouTubeUITestsLaunchTests.swift; sourceTree = "<group>"; };
		A56098B92C74ABDC00EFB77F /* TestViewController.swift */ = {isa = PBXFileReference; lastKnownFileType = sourcecode.swift; path = TestViewController.swift; sourceTree = "<group>"; };
/* End PBXFileReference section */

/* Begin PBXFrameworksBuildPhase section */
		A56098832C74AAC100EFB77F /* Frameworks */ = {
			isa = PBXFrameworksBuildPhase;
			buildActionMask = 2147483647;
			files = (
			);
			runOnlyForDeploymentPostprocessing = 0;
		};
		A56098992C74AAC300EFB77F /* Frameworks */ = {
			isa = PBXFrameworksBuildPhase;
			buildActionMask = 2147483647;
			files = (
			);
			runOnlyForDeploymentPostprocessing = 0;
		};
		A56098A32C74AAC300EFB77F /* Frameworks */ = {
			isa = PBXFrameworksBuildPhase;
			buildActionMask = 2147483647;
			files = (
			);
			runOnlyForDeploymentPostprocessing = 0;
		};
/* End PBXFrameworksBuildPhase section */

/* Begin PBXGroup section */
		A560987D2C74AAC100EFB77F = {
			isa = PBXGroup;
			children = (
				A56098882C74AAC100EFB77F /* YouTube */,
				A560989F2C74AAC300EFB77F /* YouTubeTests */,
				A56098A92C74AAC300EFB77F /* YouTubeUITests */,
				A56098872C74AAC100EFB77F /* Products */,
			);
			sourceTree = "<group>";
		};
		A56098872C74AAC100EFB77F /* Products */ = {
			isa = PBXGroup;
			children = (
				A56098862C74AAC100EFB77F /* YouTube.app */,
				A560989C2C74AAC300EFB77F /* YouTubeTests.xctest */,
				A56098A62C74AAC300EFB77F /* YouTubeUITests.xctest */,
			);
			name = Products;
			sourceTree = "<group>";
		};
		A56098882C74AAC100EFB77F /* YouTube */ = {
			isa = PBXGroup;
			children = (
				A56098BB2C74AFCE00EFB77F /* VideosModule */,
				A56098892C74AAC100EFB77F /* AppDelegate.swift */,
				A560988B2C74AAC100EFB77F /* SceneDelegate.swift */,
				A56098922C74AAC200EFB77F /* Assets.xcassets */,
				A56098972C74AAC200EFB77F /* Info.plist */,
			);
			path = YouTube;
			sourceTree = "<group>";
		};
		A560989F2C74AAC300EFB77F /* YouTubeTests */ = {
			isa = PBXGroup;
			children = (
				A56098A02C74AAC300EFB77F /* YouTubeTests.swift */,
			);
			path = YouTubeTests;
			sourceTree = "<group>";
		};
		A56098A92C74AAC300EFB77F /* YouTubeUITests */ = {
			isa = PBXGroup;
			children = (
				A56098AA2C74AAC300EFB77F /* YouTubeUITests.swift */,
				A56098AC2C74AAC300EFB77F /* YouTubeUITestsLaunchTests.swift */,
			);
			path = YouTubeUITests;
			sourceTree = "<group>";
		};
		A56098BB2C74AFCE00EFB77F /* VideosModule */ = {
			isa = PBXGroup;
			children = (
				A56098BC2C74AFDB00EFB77F /* Router */,
				A56098BD2C74AFDE00EFB77F /* Entity */,
				A56098BE2C74AFE700EFB77F /* Interactor */,
				A56098BF2C74AFEC00EFB77F /* Presenter */,
				A56098C02C74AFF100EFB77F /* View */,
			);
			path = VideosModule;
			sourceTree = "<group>";
		};
		A56098BC2C74AFDB00EFB77F /* Router */ = {
			isa = PBXGroup;
			children = (
			);
			path = Router;
			sourceTree = "<group>";
		};
		A56098BD2C74AFDE00EFB77F /* Entity */ = {
			isa = PBXGroup;
			children = (
			);
			path = Entity;
			sourceTree = "<group>";
		};
		A56098BE2C74AFE700EFB77F /* Interactor */ = {
			isa = PBXGroup;
			children = (
			);
			path = Interactor;
			sourceTree = "<group>";
		};
		A56098BF2C74AFEC00EFB77F /* Presenter */ = {
			isa = PBXGroup;
			children = (
			);
			path = Presenter;
			sourceTree = "<group>";
		};
		A56098C02C74AFF100EFB77F /* View */ = {
			isa = PBXGroup;
			children = (
				A56098B92C74ABDC00EFB77F /* TestViewController.swift */,
			);
			path = View;
			sourceTree = "<group>";
		};
/* End PBXGroup section */

/* Begin PBXNativeTarget section */
		A56098852C74AAC100EFB77F /* YouTube */ = {
			isa = PBXNativeTarget;
			buildConfigurationList = A56098B02C74AAC300EFB77F /* Build configuration list for PBXNativeTarget "YouTube" */;
			buildPhases = (
				A56098822C74AAC100EFB77F /* Sources */,
				A56098832C74AAC100EFB77F /* Frameworks */,
				A56098842C74AAC100EFB77F /* Resources */,
			);
			buildRules = (
			);
			dependencies = (
			);
			name = YouTube;
			productName = YouTube;
			productReference = A56098862C74AAC100EFB77F /* YouTube.app */;
			productType = "com.apple.product-type.application";
		};
		A560989B2C74AAC300EFB77F /* YouTubeTests */ = {
			isa = PBXNativeTarget;
			buildConfigurationList = A56098B32C74AAC300EFB77F /* Build configuration list for PBXNativeTarget "YouTubeTests" */;
			buildPhases = (
				A56098982C74AAC300EFB77F /* Sources */,
				A56098992C74AAC300EFB77F /* Frameworks */,
				A560989A2C74AAC300EFB77F /* Resources */,
			);
			buildRules = (
			);
			dependencies = (
				A560989E2C74AAC300EFB77F /* PBXTargetDependency */,
			);
			name = YouTubeTests;
			productName = YouTubeTests;
			productReference = A560989C2C74AAC300EFB77F /* YouTubeTests.xctest */;
			productType = "com.apple.product-type.bundle.unit-test";
		};
		A56098A52C74AAC300EFB77F /* YouTubeUITests */ = {
			isa = PBXNativeTarget;
			buildConfigurationList = A56098B62C74AAC300EFB77F /* Build configuration list for PBXNativeTarget "YouTubeUITests" */;
			buildPhases = (
				A56098A22C74AAC300EFB77F /* Sources */,
				A56098A32C74AAC300EFB77F /* Frameworks */,
				A56098A42C74AAC300EFB77F /* Resources */,
			);
			buildRules = (
			);
			dependencies = (
				A56098A82C74AAC300EFB77F /* PBXTargetDependency */,
			);
			name = YouTubeUITests;
			productName = YouTubeUITests;
			productReference = A56098A62C74AAC300EFB77F /* YouTubeUITests.xctest */;
			productType = "com.apple.product-type.bundle.ui-testing";
		};
/* End PBXNativeTarget section */

/* Begin PBXProject section */
		A560987E2C74AAC100EFB77F /* Project object */ = {
			isa = PBXProject;
			attributes = {
				BuildIndependentTargetsInParallel = 1;
				LastSwiftUpdateCheck = 1520;
				LastUpgradeCheck = 1520;
				TargetAttributes = {
					A56098852C74AAC100EFB77F = {
						CreatedOnToolsVersion = 15.2;
					};
					A560989B2C74AAC300EFB77F = {
						CreatedOnToolsVersion = 15.2;
						TestTargetID = A56098852C74AAC100EFB77F;
					};
					A56098A52C74AAC300EFB77F = {
						CreatedOnToolsVersion = 15.2;
						TestTargetID = A56098852C74AAC100EFB77F;
					};
				};
			};
			buildConfigurationList = A56098812C74AAC100EFB77F /* Build configuration list for PBXProject "YouTube" */;
			compatibilityVersion = "Xcode 14.0";
			developmentRegion = en;
			hasScannedForEncodings = 0;
			knownRegions = (
				en,
				Base,
			);
			mainGroup = A560987D2C74AAC100EFB77F;
			productRefGroup = A56098872C74AAC100EFB77F /* Products */;
			projectDirPath = "";
			projectRoot = "";
			targets = (
				A56098852C74AAC100EFB77F /* YouTube */,
				A560989B2C74AAC300EFB77F /* YouTubeTests */,
				A56098A52C74AAC300EFB77F /* YouTubeUITests */,
			);
		};
/* End PBXProject section */

/* Begin PBXResourcesBuildPhase section */
		A56098842C74AAC100EFB77F /* Resources */ = {
			isa = PBXResourcesBuildPhase;
			buildActionMask = 2147483647;
			files = (
				A56098932C74AAC200EFB77F /* Assets.xcassets in Resources */,
			);
			runOnlyForDeploymentPostprocessing = 0;
		};
		A560989A2C74AAC300EFB77F /* Resources */ = {
			isa = PBXResourcesBuildPhase;
			buildActionMask = 2147483647;
			files = (
			);
			runOnlyForDeploymentPostprocessing = 0;
		};
		A56098A42C74AAC300EFB77F /* Resources */ = {
			isa = PBXResourcesBuildPhase;
			buildActionMask = 2147483647;
			files = (
			);
			runOnlyForDeploymentPostprocessing = 0;
		};
/* End PBXResourcesBuildPhase section */

/* Begin PBXSourcesBuildPhase section */
		A56098822C74AAC100EFB77F /* Sources */ = {
			isa = PBXSourcesBuildPhase;
			buildActionMask = 2147483647;
			files = (
				A560988A2C74AAC100EFB77F /* AppDelegate.swift in Sources */,
				A56098BA2C74ABDC00EFB77F /* TestViewController.swift in Sources */,
				A560988C2C74AAC100EFB77F /* SceneDelegate.swift in Sources */,
			);
			runOnlyForDeploymentPostprocessing = 0;
		};
		A56098982C74AAC300EFB77F /* Sources */ = {
			isa = PBXSourcesBuildPhase;
			buildActionMask = 2147483647;
			files = (
				A56098A12C74AAC300EFB77F /* YouTubeTests.swift in Sources */,
			);
			runOnlyForDeploymentPostprocessing = 0;
		};
		A56098A22C74AAC300EFB77F /* Sources */ = {
			isa = PBXSourcesBuildPhase;
			buildActionMask = 2147483647;
			files = (
				A56098AD2C74AAC300EFB77F /* YouTubeUITestsLaunchTests.swift in Sources */,
				A56098AB2C74AAC300EFB77F /* YouTubeUITests.swift in Sources */,
			);
			runOnlyForDeploymentPostprocessing = 0;
		};
/* End PBXSourcesBuildPhase section */

/* Begin PBXTargetDependency section */
		A560989E2C74AAC300EFB77F /* PBXTargetDependency */ = {
			isa = PBXTargetDependency;
			target = A56098852C74AAC100EFB77F /* YouTube */;
			targetProxy = A560989D2C74AAC300EFB77F /* PBXContainerItemProxy */;
		};
		A56098A82C74AAC300EFB77F /* PBXTargetDependency */ = {
			isa = PBXTargetDependency;
			target = A56098852C74AAC100EFB77F /* YouTube */;
			targetProxy = A56098A72C74AAC300EFB77F /* PBXContainerItemProxy */;
		};
/* End PBXTargetDependency section */

/* Begin XCBuildConfiguration section */
		A56098AE2C74AAC300EFB77F /* Debug */ = {
			isa = XCBuildConfiguration;
			buildSettings = {
				ALWAYS_SEARCH_USER_PATHS = NO;
				ASSETCATALOG_COMPILER_GENERATE_SWIFT_ASSET_SYMBOL_EXTENSIONS = YES;
				CLANG_ANALYZER_NONNULL = YES;
				CLANG_ANALYZER_NUMBER_OBJECT_CONVERSION = YES_AGGRESSIVE;
				CLANG_CXX_LANGUAGE_STANDARD = "gnu++20";
				CLANG_ENABLE_MODULES = YES;
				CLANG_ENABLE_OBJC_ARC = YES;
				CLANG_ENABLE_OBJC_WEAK = YES;
				CLANG_WARN_BLOCK_CAPTURE_AUTORELEASING = YES;
				CLANG_WARN_BOOL_CONVERSION = YES;
				CLANG_WARN_COMMA = YES;
				CLANG_WARN_CONSTANT_CONVERSION = YES;
				CLANG_WARN_DEPRECATED_OBJC_IMPLEMENTATIONS = YES;
				CLANG_WARN_DIRECT_OBJC_ISA_USAGE = YES_ERROR;
				CLANG_WARN_DOCUMENTATION_COMMENTS = YES;
				CLANG_WARN_EMPTY_BODY = YES;
				CLANG_WARN_ENUM_CONVERSION = YES;
				CLANG_WARN_INFINITE_RECURSION = YES;
				CLANG_WARN_INT_CONVERSION = YES;
				CLANG_WARN_NON_LITERAL_NULL_CONVERSION = YES;
				CLANG_WARN_OBJC_IMPLICIT_RETAIN_SELF = YES;
				CLANG_WARN_OBJC_LITERAL_CONVERSION = YES;
				CLANG_WARN_OBJC_ROOT_CLASS = YES_ERROR;
				CLANG_WARN_QUOTED_INCLUDE_IN_FRAMEWORK_HEADER = YES;
				CLANG_WARN_RANGE_LOOP_ANALYSIS = YES;
				CLANG_WARN_STRICT_PROTOTYPES = YES;
				CLANG_WARN_SUSPICIOUS_MOVE = YES;
				CLANG_WARN_UNGUARDED_AVAILABILITY = YES_AGGRESSIVE;
				CLANG_WARN_UNREACHABLE_CODE = YES;
				CLANG_WARN__DUPLICATE_METHOD_MATCH = YES;
				COPY_PHASE_STRIP = NO;
				DEBUG_INFORMATION_FORMAT = dwarf;
				ENABLE_STRICT_OBJC_MSGSEND = YES;
				ENABLE_TESTABILITY = YES;
				ENABLE_USER_SCRIPT_SANDBOXING = YES;
				GCC_C_LANGUAGE_STANDARD = gnu17;
				GCC_DYNAMIC_NO_PIC = NO;
				GCC_NO_COMMON_BLOCKS = YES;
				GCC_OPTIMIZATION_LEVEL = 0;
				GCC_PREPROCESSOR_DEFINITIONS = (
					"DEBUG=1",
					"$(inherited)",
				);
				GCC_WARN_64_TO_32_BIT_CONVERSION = YES;
				GCC_WARN_ABOUT_RETURN_TYPE = YES_ERROR;
				GCC_WARN_UNDECLARED_SELECTOR = YES;
				GCC_WARN_UNINITIALIZED_AUTOS = YES_AGGRESSIVE;
				GCC_WARN_UNUSED_FUNCTION = YES;
				GCC_WARN_UNUSED_VARIABLE = YES;
				IPHONEOS_DEPLOYMENT_TARGET = 17.2;
				LOCALIZATION_PREFERS_STRING_CATALOGS = YES;
				MTL_ENABLE_DEBUG_INFO = INCLUDE_SOURCE;
				MTL_FAST_MATH = YES;
				ONLY_ACTIVE_ARCH = YES;
				SDKROOT = iphoneos;
				SWIFT_ACTIVE_COMPILATION_CONDITIONS = "DEBUG $(inherited)";
				SWIFT_OPTIMIZATION_LEVEL = "-Onone";
			};
			name = Debug;
		};
		A56098AF2C74AAC300EFB77F /* Release */ = {
			isa = XCBuildConfiguration;
			buildSettings = {
				ALWAYS_SEARCH_USER_PATHS = NO;
				ASSETCATALOG_COMPILER_GENERATE_SWIFT_ASSET_SYMBOL_EXTENSIONS = YES;
				CLANG_ANALYZER_NONNULL = YES;
				CLANG_ANALYZER_NUMBER_OBJECT_CONVERSION = YES_AGGRESSIVE;
				CLANG_CXX_LANGUAGE_STANDARD = "gnu++20";
				CLANG_ENABLE_MODULES = YES;
				CLANG_ENABLE_OBJC_ARC = YES;
				CLANG_ENABLE_OBJC_WEAK = YES;
				CLANG_WARN_BLOCK_CAPTURE_AUTORELEASING = YES;
				CLANG_WARN_BOOL_CONVERSION = YES;
				CLANG_WARN_COMMA = YES;
				CLANG_WARN_CONSTANT_CONVERSION = YES;
				CLANG_WARN_DEPRECATED_OBJC_IMPLEMENTATIONS = YES;
				CLANG_WARN_DIRECT_OBJC_ISA_USAGE = YES_ERROR;
				CLANG_WARN_DOCUMENTATION_COMMENTS = YES;
				CLANG_WARN_EMPTY_BODY = YES;
				CLANG_WARN_ENUM_CONVERSION = YES;
				CLANG_WARN_INFINITE_RECURSION = YES;
				CLANG_WARN_INT_CONVERSION = YES;
				CLANG_WARN_NON_LITERAL_NULL_CONVERSION = YES;
				CLANG_WARN_OBJC_IMPLICIT_RETAIN_SELF = YES;
				CLANG_WARN_OBJC_LITERAL_CONVERSION = YES;
				CLANG_WARN_OBJC_ROOT_CLASS = YES_ERROR;
				CLANG_WARN_QUOTED_INCLUDE_IN_FRAMEWORK_HEADER = YES;
				CLANG_WARN_RANGE_LOOP_ANALYSIS = YES;
				CLANG_WARN_STRICT_PROTOTYPES = YES;
				CLANG_WARN_SUSPICIOUS_MOVE = YES;
				CLANG_WARN_UNGUARDED_AVAILABILITY = YES_AGGRESSIVE;
				CLANG_WARN_UNREACHABLE_CODE = YES;
				CLANG_WARN__DUPLICATE_METHOD_MATCH = YES;
				COPY_PHASE_STRIP = NO;
				DEBUG_INFORMATION_FORMAT = "dwarf-with-dsym";
				ENABLE_NS_ASSERTIONS = NO;
				ENABLE_STRICT_OBJC_MSGSEND = YES;
				ENABLE_USER_SCRIPT_SANDBOXING = YES;
				GCC_C_LANGUAGE_STANDARD = gnu17;
				GCC_NO_COMMON_BLOCKS = YES;
				GCC_WARN_64_TO_32_BIT_CONVERSION = YES;
				GCC_WARN_ABOUT_RETURN_TYPE = YES_ERROR;
				GCC_WARN_UNDECLARED_SELECTOR = YES;
				GCC_WARN_UNINITIALIZED_AUTOS = YES_AGGRESSIVE;
				GCC_WARN_UNUSED_FUNCTION = YES;
				GCC_WARN_UNUSED_VARIABLE = YES;
				IPHONEOS_DEPLOYMENT_TARGET = 17.2;
				LOCALIZATION_PREFERS_STRING_CATALOGS = YES;
				MTL_ENABLE_DEBUG_INFO = NO;
				MTL_FAST_MATH = YES;
				SDKROOT = iphoneos;
				SWIFT_COMPILATION_MODE = wholemodule;
				VALIDATE_PRODUCT = YES;
			};
			name = Release;
		};
		A56098B12C74AAC300EFB77F /* Debug */ = {
			isa = XCBuildConfiguration;
			buildSettings = {
				ASSETCATALOG_COMPILER_APPICON_NAME = AppIcon;
				ASSETCATALOG_COMPILER_GLOBAL_ACCENT_COLOR_NAME = AccentColor;
				CODE_SIGN_STYLE = Automatic;
				CURRENT_PROJECT_VERSION = 1;
				DEVELOPMENT_TEAM = UGRV4X5Q52;
				GENERATE_INFOPLIST_FILE = YES;
				INFOPLIST_FILE = YouTube/Info.plist;
				INFOPLIST_KEY_UIApplicationSupportsIndirectInputEvents = YES;
				INFOPLIST_KEY_UILaunchStoryboardName = LaunchScreen;
				INFOPLIST_KEY_UISupportedInterfaceOrientations_iPad = "UIInterfaceOrientationPortrait UIInterfaceOrientationPortraitUpsideDown UIInterfaceOrientationLandscapeLeft UIInterfaceOrientationLandscapeRight";
				INFOPLIST_KEY_UISupportedInterfaceOrientations_iPhone = "UIInterfaceOrientationPortrait UIInterfaceOrientationLandscapeLeft UIInterfaceOrientationLandscapeRight";
				LD_RUNPATH_SEARCH_PATHS = (
					"$(inherited)",
					"@executable_path/Frameworks",
				);
				MARKETING_VERSION = 1.0;
				PRODUCT_BUNDLE_IDENTIFIER = com.YouTube.zast4.YouTube;
				PRODUCT_NAME = "$(TARGET_NAME)";
				SWIFT_EMIT_LOC_STRINGS = YES;
				SWIFT_VERSION = 5.0;
				TARGETED_DEVICE_FAMILY = "1,2";
			};
			name = Debug;
		};
		A56098B22C74AAC300EFB77F /* Release */ = {
			isa = XCBuildConfiguration;
			buildSettings = {
				ASSETCATALOG_COMPILER_APPICON_NAME = AppIcon;
				ASSETCATALOG_COMPILER_GLOBAL_ACCENT_COLOR_NAME = AccentColor;
				CODE_SIGN_STYLE = Automatic;
				CURRENT_PROJECT_VERSION = 1;
				DEVELOPMENT_TEAM = UGRV4X5Q52;
				GENERATE_INFOPLIST_FILE = YES;
				INFOPLIST_FILE = YouTube/Info.plist;
				INFOPLIST_KEY_UIApplicationSupportsIndirectInputEvents = YES;
				INFOPLIST_KEY_UILaunchStoryboardName = LaunchScreen;
				INFOPLIST_KEY_UISupportedInterfaceOrientations_iPad = "UIInterfaceOrientationPortrait UIInterfaceOrientationPortraitUpsideDown UIInterfaceOrientationLandscapeLeft UIInterfaceOrientationLandscapeRight";
				INFOPLIST_KEY_UISupportedInterfaceOrientations_iPhone = "UIInterfaceOrientationPortrait UIInterfaceOrientationLandscapeLeft UIInterfaceOrientationLandscapeRight";
				LD_RUNPATH_SEARCH_PATHS = (
					"$(inherited)",
					"@executable_path/Frameworks",
				);
				MARKETING_VERSION = 1.0;
				PRODUCT_BUNDLE_IDENTIFIER = com.YouTube.zast4.YouTube;
				PRODUCT_NAME = "$(TARGET_NAME)";
				SWIFT_EMIT_LOC_STRINGS = YES;
				SWIFT_VERSION = 5.0;
				TARGETED_DEVICE_FAMILY = "1,2";
			};
			name = Release;
		};
		A56098B42C74AAC300EFB77F /* Debug */ = {
			isa = XCBuildConfiguration;
			buildSettings = {
				ALWAYS_EMBED_SWIFT_STANDARD_LIBRARIES = YES;
				BUNDLE_LOADER = "$(TEST_HOST)";
				CODE_SIGN_STYLE = Automatic;
				CURRENT_PROJECT_VERSION = 1;
				DEVELOPMENT_TEAM = UGRV4X5Q52;
				GENERATE_INFOPLIST_FILE = YES;
				IPHONEOS_DEPLOYMENT_TARGET = 17.2;
				MARKETING_VERSION = 1.0;
				PRODUCT_BUNDLE_IDENTIFIER = com.YouTube.zast4.YouTubeTests;
				PRODUCT_NAME = "$(TARGET_NAME)";
				SWIFT_EMIT_LOC_STRINGS = NO;
				SWIFT_VERSION = 5.0;
				TARGETED_DEVICE_FAMILY = "1,2";
				TEST_HOST = "$(BUILT_PRODUCTS_DIR)/YouTube.app/$(BUNDLE_EXECUTABLE_FOLDER_PATH)/YouTube";
			};
			name = Debug;
		};
		A56098B52C74AAC300EFB77F /* Release */ = {
			isa = XCBuildConfiguration;
			buildSettings = {
				ALWAYS_EMBED_SWIFT_STANDARD_LIBRARIES = YES;
				BUNDLE_LOADER = "$(TEST_HOST)";
				CODE_SIGN_STYLE = Automatic;
				CURRENT_PROJECT_VERSION = 1;
				DEVELOPMENT_TEAM = UGRV4X5Q52;
				GENERATE_INFOPLIST_FILE = YES;
				IPHONEOS_DEPLOYMENT_TARGET = 17.2;
				MARKETING_VERSION = 1.0;
				PRODUCT_BUNDLE_IDENTIFIER = com.YouTube.zast4.YouTubeTests;
				PRODUCT_NAME = "$(TARGET_NAME)";
				SWIFT_EMIT_LOC_STRINGS = NO;
				SWIFT_VERSION = 5.0;
				TARGETED_DEVICE_FAMILY = "1,2";
				TEST_HOST = "$(BUILT_PRODUCTS_DIR)/YouTube.app/$(BUNDLE_EXECUTABLE_FOLDER_PATH)/YouTube";
			};
			name = Release;
		};
		A56098B72C74AAC300EFB77F /* Debug */ = {
			isa = XCBuildConfiguration;
			buildSettings = {
				ALWAYS_EMBED_SWIFT_STANDARD_LIBRARIES = YES;
				CODE_SIGN_STYLE = Automatic;
				CURRENT_PROJECT_VERSION = 1;
				DEVELOPMENT_TEAM = UGRV4X5Q52;
				GENERATE_INFOPLIST_FILE = YES;
				MARKETING_VERSION = 1.0;
				PRODUCT_BUNDLE_IDENTIFIER = com.YouTube.zast4.YouTubeUITests;
				PRODUCT_NAME = "$(TARGET_NAME)";
				SWIFT_EMIT_LOC_STRINGS = NO;
				SWIFT_VERSION = 5.0;
				TARGETED_DEVICE_FAMILY = "1,2";
				TEST_TARGET_NAME = YouTube;
			};
			name = Debug;
		};
		A56098B82C74AAC300EFB77F /* Release */ = {
			isa = XCBuildConfiguration;
			buildSettings = {
				ALWAYS_EMBED_SWIFT_STANDARD_LIBRARIES = YES;
				CODE_SIGN_STYLE = Automatic;
				CURRENT_PROJECT_VERSION = 1;
				DEVELOPMENT_TEAM = UGRV4X5Q52;
				GENERATE_INFOPLIST_FILE = YES;
				MARKETING_VERSION = 1.0;
				PRODUCT_BUNDLE_IDENTIFIER = com.YouTube.zast4.YouTubeUITests;
				PRODUCT_NAME = "$(TARGET_NAME)";
				SWIFT_EMIT_LOC_STRINGS = NO;
				SWIFT_VERSION = 5.0;
				TARGETED_DEVICE_FAMILY = "1,2";
				TEST_TARGET_NAME = YouTube;
			};
			name = Release;
		};
/* End XCBuildConfiguration section */

/* Begin XCConfigurationList section */
		A56098812C74AAC100EFB77F /* Build configuration list for PBXProject "YouTube" */ = {
			isa = XCConfigurationList;
			buildConfigurations = (
				A56098AE2C74AAC300EFB77F /* Debug */,
				A56098AF2C74AAC300EFB77F /* Release */,
			);
			defaultConfigurationIsVisible = 0;
			defaultConfigurationName = Release;
		};
		A56098B02C74AAC300EFB77F /* Build configuration list for PBXNativeTarget "YouTube" */ = {
			isa = XCConfigurationList;
			buildConfigurations = (
				A56098B12C74AAC300EFB77F /* Debug */,
				A56098B22C74AAC300EFB77F /* Release */,
			);
			defaultConfigurationIsVisible = 0;
			defaultConfigurationName = Release;
		};
		A56098B32C74AAC300EFB77F /* Build configuration list for PBXNativeTarget "YouTubeTests" */ = {
			isa = XCConfigurationList;
			buildConfigurations = (
				A56098B42C74AAC300EFB77F /* Debug */,
				A56098B52C74AAC300EFB77F /* Release */,
			);
			defaultConfigurationIsVisible = 0;
			defaultConfigurationName = Release;
		};
		A56098B62C74AAC300EFB77F /* Build configuration list for PBXNativeTarget "YouTubeUITests" */ = {
			isa = XCConfigurationList;
			buildConfigurations = (
				A56098B72C74AAC300EFB77F /* Debug */,
				A56098B82C74AAC300EFB77F /* Release */,
			);
			defaultConfigurationIsVisible = 0;
			defaultConfigurationName = Release;
		};
/* End XCConfigurationList section */
	};
	rootObject = A560987E2C74AAC100EFB77F /* Project object */;
}
